// !$*UTF8*$!
{
	archiveVersion = 1;
	classes = {
	};
	objectVersion = 50;
	objects = {

/* Begin PBXBuildFile section */
		6561EEBE22A6CB04003C9674 /* AppDelegate.swift in Sources */ = {isa = PBXBuildFile; fileRef = 6561EEBD22A6CB04003C9674 /* AppDelegate.swift */; };
		6561EEC022A6CB04003C9674 /* ViewController.swift in Sources */ = {isa = PBXBuildFile; fileRef = 6561EEBF22A6CB04003C9674 /* ViewController.swift */; };
		6561EEC322A6CB04003C9674 /* Main.storyboard in Resources */ = {isa = PBXBuildFile; fileRef = 6561EEC122A6CB04003C9674 /* Main.storyboard */; };
		6561EEC522A6CB0A003C9674 /* Assets.xcassets in Resources */ = {isa = PBXBuildFile; fileRef = 6561EEC422A6CB0A003C9674 /* Assets.xcassets */; };
		6561EEC822A6CB0A003C9674 /* LaunchScreen.storyboard in Resources */ = {isa = PBXBuildFile; fileRef = 6561EEC622A6CB0A003C9674 /* LaunchScreen.storyboard */; };
		6561EED322A6CB0A003C9674 /* ejercicio3deintTests.swift in Sources */ = {isa = PBXBuildFile; fileRef = 6561EED222A6CB0A003C9674 /* ejercicio3deintTests.swift */; };
		6561EEDE22A6CB0B003C9674 /* ejercicio3deintUITests.swift in Sources */ = {isa = PBXBuildFile; fileRef = 6561EEDD22A6CB0B003C9674 /* ejercicio3deintUITests.swift */; };
/* End PBXBuildFile section */

/* Begin PBXContainerItemProxy section */
		6561EECF22A6CB0A003C9674 /* PBXContainerItemProxy */ = {
			isa = PBXContainerItemProxy;
			containerPortal = 6561EEB222A6CB04003C9674 /* Project object */;
			proxyType = 1;
			remoteGlobalIDString = 6561EEB922A6CB04003C9674;
			remoteInfo = ejercicio3deint;
		};
		6561EEDA22A6CB0B003C9674 /* PBXContainerItemProxy */ = {
			isa = PBXContainerItemProxy;
			containerPortal = 6561EEB222A6CB04003C9674 /* Project object */;
			proxyType = 1;
			remoteGlobalIDString = 6561EEB922A6CB04003C9674;
			remoteInfo = ejercicio3deint;
		};
/* End PBXContainerItemProxy section */

/* Begin PBXFileReference section */
		6561EEBA22A6CB04003C9674 /* ejercicio3deint.app */ = {isa = PBXFileReference; explicitFileType = wrapper.application; includeInIndex = 0; path = ejercicio3deint.app; sourceTree = BUILT_PRODUCTS_DIR; };
		6561EEBD22A6CB04003C9674 /* AppDelegate.swift */ = {isa = PBXFileReference; lastKnownFileType = sourcecode.swift; path = AppDelegate.swift; sourceTree = "<group>"; };
		6561EEBF22A6CB04003C9674 /* ViewController.swift */ = {isa = PBXFileReference; lastKnownFileType = sourcecode.swift; path = ViewController.swift; sourceTree = "<group>"; };
		6561EEC222A6CB04003C9674 /* Base */ = {isa = PBXFileReference; lastKnownFileType = file.storyboard; name = Base; path = Base.lproj/Main.storyboard; sourceTree = "<group>"; };
		6561EEC422A6CB0A003C9674 /* Assets.xcassets */ = {isa = PBXFileReference; lastKnownFileType = folder.assetcatalog; path = Assets.xcassets; sourceTree = "<group>"; };
		6561EEC722A6CB0A003C9674 /* Base */ = {isa = PBXFileReference; lastKnownFileType = file.storyboard; name = Base; path = Base.lproj/LaunchScreen.storyboard; sourceTree = "<group>"; };
		6561EEC922A6CB0A003C9674 /* Info.plist */ = {isa = PBXFileReference; lastKnownFileType = text.plist.xml; path = Info.plist; sourceTree = "<group>"; };
		6561EECE22A6CB0A003C9674 /* ejercicio3deintTests.xctest */ = {isa = PBXFileReference; explicitFileType = wrapper.cfbundle; includeInIndex = 0; path = ejercicio3deintTests.xctest; sourceTree = BUILT_PRODUCTS_DIR; };
		6561EED222A6CB0A003C9674 /* ejercicio3deintTests.swift */ = {isa = PBXFileReference; lastKnownFileType = sourcecode.swift; path = ejercicio3deintTests.swift; sourceTree = "<group>"; };
		6561EED422A6CB0B003C9674 /* Info.plist */ = {isa = PBXFileReference; lastKnownFileType = text.plist.xml; path = Info.plist; sourceTree = "<group>"; };
		6561EED922A6CB0B003C9674 /* ejercicio3deintUITests.xctest */ = {isa = PBXFileReference; explicitFileType = wrapper.cfbundle; includeInIndex = 0; path = ejercicio3deintUITests.xctest; sourceTree = BUILT_PRODUCTS_DIR; };
		6561EEDD22A6CB0B003C9674 /* ejercicio3deintUITests.swift */ = {isa = PBXFileReference; lastKnownFileType = sourcecode.swift; path = ejercicio3deintUITests.swift; sourceTree = "<group>"; };
		6561EEDF22A6CB0B003C9674 /* Info.plist */ = {isa = PBXFileReference; lastKnownFileType = text.plist.xml; path = Info.plist; sourceTree = "<group>"; };
/* End PBXFileReference section */

/* Begin PBXFrameworksBuildPhase section */
		6561EEB722A6CB04003C9674 /* Frameworks */ = {
			isa = PBXFrameworksBuildPhase;
			buildActionMask = 2147483647;
			files = (
			);
			runOnlyForDeploymentPostprocessing = 0;
		};
		6561EECB22A6CB0A003C9674 /* Frameworks */ = {
			isa = PBXFrameworksBuildPhase;
			buildActionMask = 2147483647;
			files = (
			);
			runOnlyForDeploymentPostprocessing = 0;
		};
		6561EED622A6CB0B003C9674 /* Frameworks */ = {
			isa = PBXFrameworksBuildPhase;
			buildActionMask = 2147483647;
			files = (
			);
			runOnlyForDeploymentPostprocessing = 0;
		};
/* End PBXFrameworksBuildPhase section */

/* Begin PBXGroup section */
		6561EEB122A6CB04003C9674 = {
			isa = PBXGroup;
			children = (
				6561EEBC22A6CB04003C9674 /* ejercicio3deint */,
				6561EED122A6CB0A003C9674 /* ejercicio3deintTests */,
				6561EEDC22A6CB0B003C9674 /* ejercicio3deintUITests */,
				6561EEBB22A6CB04003C9674 /* Products */,
			);
			sourceTree = "<group>";
		};
		6561EEBB22A6CB04003C9674 /* Products */ = {
			isa = PBXGroup;
			children = (
				6561EEBA22A6CB04003C9674 /* ejercicio3deint.app */,
				6561EECE22A6CB0A003C9674 /* ejercicio3deintTests.xctest */,
				6561EED922A6CB0B003C9674 /* ejercicio3deintUITests.xctest */,
			);
			name = Products;
			sourceTree = "<group>";
		};
		6561EEBC22A6CB04003C9674 /* ejercicio3deint */ = {
			isa = PBXGroup;
			children = (
				6561EEBD22A6CB04003C9674 /* AppDelegate.swift */,
				6561EEBF22A6CB04003C9674 /* ViewController.swift */,
				6561EEC122A6CB04003C9674 /* Main.storyboard */,
				6561EEC422A6CB0A003C9674 /* Assets.xcassets */,
				6561EEC622A6CB0A003C9674 /* LaunchScreen.storyboard */,
				6561EEC922A6CB0A003C9674 /* Info.plist */,
			);
			path = ejercicio3deint;
			sourceTree = "<group>";
		};
		6561EED122A6CB0A003C9674 /* ejercicio3deintTests */ = {
			isa = PBXGroup;
			children = (
				6561EED222A6CB0A003C9674 /* ejercicio3deintTests.swift */,
				6561EED422A6CB0B003C9674 /* Info.plist */,
			);
			path = ejercicio3deintTests;
			sourceTree = "<group>";
		};
		6561EEDC22A6CB0B003C9674 /* ejercicio3deintUITests */ = {
			isa = PBXGroup;
			children = (
				6561EEDD22A6CB0B003C9674 /* ejercicio3deintUITests.swift */,
				6561EEDF22A6CB0B003C9674 /* Info.plist */,
			);
			path = ejercicio3deintUITests;
			sourceTree = "<group>";
		};
/* End PBXGroup section */

/* Begin PBXNativeTarget section */
		6561EEB922A6CB04003C9674 /* ejercicio3deint */ = {
			isa = PBXNativeTarget;
			buildConfigurationList = 6561EEE222A6CB0B003C9674 /* Build configuration list for PBXNativeTarget "ejercicio3deint" */;
			buildPhases = (
				6561EEB622A6CB04003C9674 /* Sources */,
				6561EEB722A6CB04003C9674 /* Frameworks */,
				6561EEB822A6CB04003C9674 /* Resources */,
			);
			buildRules = (
			);
			dependencies = (
			);
			name = ejercicio3deint;
			productName = ejercicio3deint;
			productReference = 6561EEBA22A6CB04003C9674 /* ejercicio3deint.app */;
			productType = "com.apple.product-type.application";
		};
		6561EECD22A6CB0A003C9674 /* ejercicio3deintTests */ = {
			isa = PBXNativeTarget;
			buildConfigurationList = 6561EEE522A6CB0B003C9674 /* Build configuration list for PBXNativeTarget "ejercicio3deintTests" */;
			buildPhases = (
				6561EECA22A6CB0A003C9674 /* Sources */,
				6561EECB22A6CB0A003C9674 /* Frameworks */,
				6561EECC22A6CB0A003C9674 /* Resources */,
			);
			buildRules = (
			);
			dependencies = (
				6561EED022A6CB0A003C9674 /* PBXTargetDependency */,
			);
			name = ejercicio3deintTests;
			productName = ejercicio3deintTests;
			productReference = 6561EECE22A6CB0A003C9674 /* ejercicio3deintTests.xctest */;
			productType = "com.apple.product-type.bundle.unit-test";
		};
		6561EED822A6CB0B003C9674 /* ejercicio3deintUITests */ = {
			isa = PBXNativeTarget;
			buildConfigurationList = 6561EEE822A6CB0B003C9674 /* Build configuration list for PBXNativeTarget "ejercicio3deintUITests" */;
			buildPhases = (
				6561EED522A6CB0B003C9674 /* Sources */,
				6561EED622A6CB0B003C9674 /* Frameworks */,
				6561EED722A6CB0B003C9674 /* Resources */,
			);
			buildRules = (
			);
			dependencies = (
				6561EEDB22A6CB0B003C9674 /* PBXTargetDependency */,
			);
			name = ejercicio3deintUITests;
			productName = ejercicio3deintUITests;
			productReference = 6561EED922A6CB0B003C9674 /* ejercicio3deintUITests.xctest */;
			productType = "com.apple.product-type.bundle.ui-testing";
		};
/* End PBXNativeTarget section */

/* Begin PBXProject section */
		6561EEB222A6CB04003C9674 /* Project object */ = {
			isa = PBXProject;
			attributes = {
				LastSwiftUpdateCheck = 1010;
				LastUpgradeCheck = 1010;
				ORGANIZATIONNAME = Daniel;
				TargetAttributes = {
					6561EEB922A6CB04003C9674 = {
						CreatedOnToolsVersion = 10.1;
					};
					6561EECD22A6CB0A003C9674 = {
						CreatedOnToolsVersion = 10.1;
						TestTargetID = 6561EEB922A6CB04003C9674;
					};
					6561EED822A6CB0B003C9674 = {
						CreatedOnToolsVersion = 10.1;
						TestTargetID = 6561EEB922A6CB04003C9674;
					};
				};
			};
			buildConfigurationList = 6561EEB522A6CB04003C9674 /* Build configuration list for PBXProject "ejercicio3deint" */;
			compatibilityVersion = "Xcode 9.3";
			developmentRegion = en;
			hasScannedForEncodings = 0;
			knownRegions = (
				en,
				Base,
			);
			mainGroup = 6561EEB122A6CB04003C9674;
			productRefGroup = 6561EEBB22A6CB04003C9674 /* Products */;
			projectDirPath = "";
			projectRoot = "";
			targets = (
				6561EEB922A6CB04003C9674 /* ejercicio3deint */,
				6561EECD22A6CB0A003C9674 /* ejercicio3deintTests */,
				6561EED822A6CB0B003C9674 /* ejercicio3deintUITests */,
			);
		};
/* End PBXProject section */

/* Begin PBXResourcesBuildPhase section */
		6561EEB822A6CB04003C9674 /* Resources */ = {
			isa = PBXResourcesBuildPhase;
			buildActionMask = 2147483647;
			files = (
				6561EEC822A6CB0A003C9674 /* LaunchScreen.storyboard in Resources */,
				6561EEC522A6CB0A003C9674 /* Assets.xcassets in Resources */,
				6561EEC322A6CB04003C9674 /* Main.storyboard in Resources */,
			);
			runOnlyForDeploymentPostprocessing = 0;
		};
		6561EECC22A6CB0A003C9674 /* Resources */ = {
			isa = PBXResourcesBuildPhase;
			buildActionMask = 2147483647;
			files = (
			);
			runOnlyForDeploymentPostprocessing = 0;
		};
		6561EED722A6CB0B003C9674 /* Resources */ = {
			isa = PBXResourcesBuildPhase;
			buildActionMask = 2147483647;
			files = (
			);
			runOnlyForDeploymentPostprocessing = 0;
		};
/* End PBXResourcesBuildPhase section */

/* Begin PBXSourcesBuildPhase section */
		6561EEB622A6CB04003C9674 /* Sources */ = {
			isa = PBXSourcesBuildPhase;
			buildActionMask = 2147483647;
			files = (
				6561EEC022A6CB04003C9674 /* ViewController.swift in Sources */,
				6561EEBE22A6CB04003C9674 /* AppDelegate.swift in Sources */,
			);
			runOnlyForDeploymentPostprocessing = 0;
		};
		6561EECA22A6CB0A003C9674 /* Sources */ = {
			isa = PBXSourcesBuildPhase;
			buildActionMask = 2147483647;
			files = (
				6561EED322A6CB0A003C9674 /* ejercicio3deintTests.swift in Sources */,
			);
			runOnlyForDeploymentPostprocessing = 0;
		};
		6561EED522A6CB0B003C9674 /* Sources */ = {
			isa = PBXSourcesBuildPhase;
			buildActionMask = 2147483647;
			files = (
				6561EEDE22A6CB0B003C9674 /* ejercicio3deintUITests.swift in Sources */,
			);
			runOnlyForDeploymentPostprocessing = 0;
		};
/* End PBXSourcesBuildPhase section */

/* Begin PBXTargetDependency section */
		6561EED022A6CB0A003C9674 /* PBXTargetDependency */ = {
			isa = PBXTargetDependency;
			target = 6561EEB922A6CB04003C9674 /* ejercicio3deint */;
			targetProxy = 6561EECF22A6CB0A003C9674 /* PBXContainerItemProxy */;
		};
		6561EEDB22A6CB0B003C9674 /* PBXTargetDependency */ = {
			isa = PBXTargetDependency;
			target = 6561EEB922A6CB04003C9674 /* ejercicio3deint */;
			targetProxy = 6561EEDA22A6CB0B003C9674 /* PBXContainerItemProxy */;
		};
/* End PBXTargetDependency section */

/* Begin PBXVariantGroup section */
		6561EEC122A6CB04003C9674 /* Main.storyboard */ = {
			isa = PBXVariantGroup;
			children = (
				6561EEC222A6CB04003C9674 /* Base */,
			);
			name = Main.storyboard;
			sourceTree = "<group>";
		};
		6561EEC622A6CB0A003C9674 /* LaunchScreen.storyboard */ = {
			isa = PBXVariantGroup;
			children = (
				6561EEC722A6CB0A003C9674 /* Base */,
			);
			name = LaunchScreen.storyboard;
			sourceTree = "<group>";
		};
/* End PBXVariantGroup section */

/* Begin XCBuildConfiguration section */
		6561EEE022A6CB0B003C9674 /* Debug */ = {
			isa = XCBuildConfiguration;
			buildSettings = {
				ALWAYS_SEARCH_USER_PATHS = NO;
				CLANG_ANALYZER_NONNULL = YES;
				CLANG_ANALYZER_NUMBER_OBJECT_CONVERSION = YES_AGGRESSIVE;
				CLANG_CXX_LANGUAGE_STANDARD = "gnu++14";
				CLANG_CXX_LIBRARY = "libc++";
				CLANG_ENABLE_MODULES = YES;
				CLANG_ENABLE_OBJC_ARC = YES;
				CLANG_ENABLE_OBJC_WEAK = YES;
				CLANG_WARN_BLOCK_CAPTURE_AUTORELEASING = YES;
				CLANG_WARN_BOOL_CONVERSION = YES;
				CLANG_WARN_COMMA = YES;
				CLANG_WARN_CONSTANT_CONVERSION = YES;
				CLANG_WARN_DEPRECATED_OBJC_IMPLEMENTATIONS = YES;
				CLANG_WARN_DIRECT_OBJC_ISA_USAGE = YES_ERROR;
				CLANG_WARN_DOCUMENTATION_COMMENTS = YES;
				CLANG_WARN_EMPTY_BODY = YES;
				CLANG_WARN_ENUM_CONVERSION = YES;
				CLANG_WARN_INFINITE_RECURSION = YES;
				CLANG_WARN_INT_CONVERSION = YES;
				CLANG_WARN_NON_LITERAL_NULL_CONVERSION = YES;
				CLANG_WARN_OBJC_IMPLICIT_RETAIN_SELF = YES;
				CLANG_WARN_OBJC_LITERAL_CONVERSION = YES;
				CLANG_WARN_OBJC_ROOT_CLASS = YES_ERROR;
				CLANG_WARN_RANGE_LOOP_ANALYSIS = YES;
				CLANG_WARN_STRICT_PROTOTYPES = YES;
				CLANG_WARN_SUSPICIOUS_MOVE = YES;
				CLANG_WARN_UNGUARDED_AVAILABILITY = YES_AGGRESSIVE;
				CLANG_WARN_UNREACHABLE_CODE = YES;
				CLANG_WARN__DUPLICATE_METHOD_MATCH = YES;
				CODE_SIGN_IDENTITY = "iPhone Developer";
				COPY_PHASE_STRIP = NO;
				DEBUG_INFORMATION_FORMAT = dwarf;
				ENABLE_STRICT_OBJC_MSGSEND = YES;
				ENABLE_TESTABILITY = YES;
				GCC_C_LANGUAGE_STANDARD = gnu11;
				GCC_DYNAMIC_NO_PIC = NO;
				GCC_NO_COMMON_BLOCKS = YES;
				GCC_OPTIMIZATION_LEVEL = 0;
				GCC_PREPROCESSOR_DEFINITIONS = (
					"DEBUG=1",
					"$(inherited)",
				);
				GCC_WARN_64_TO_32_BIT_CONVERSION = YES;
				GCC_WARN_ABOUT_RETURN_TYPE = YES_ERROR;
				GCC_WARN_UNDECLARED_SELECTOR = YES;
				GCC_WARN_UNINITIALIZED_AUTOS = YES_AGGRESSIVE;
				GCC_WARN_UNUSED_FUNCTION = YES;
				GCC_WARN_UNUSED_VARIABLE = YES;
				IPHONEOS_DEPLOYMENT_TARGET = 12.1;
				MTL_ENABLE_DEBUG_INFO = INCLUDE_SOURCE;
				MTL_FAST_MATH = YES;
				ONLY_ACTIVE_ARCH = YES;
				SDKROOT = iphoneos;
				SWIFT_ACTIVE_COMPILATION_CONDITIONS = DEBUG;
				SWIFT_OPTIMIZATION_LEVEL = "-Onone";
			};
			name = Debug;
		};
		6561EEE122A6CB0B003C9674 /* Release */ = {
			isa = XCBuildConfiguration;
			buildSettings = {
				ALWAYS_SEARCH_USER_PATHS = NO;
				CLANG_ANALYZER_NONNULL = YES;
				CLANG_ANALYZER_NUMBER_OBJECT_CONVERSION = YES_AGGRESSIVE;
				CLANG_CXX_LANGUAGE_STANDARD = "gnu++14";
				CLANG_CXX_LIBRARY = "libc++";
				CLANG_ENABLE_MODULES = YES;
				CLANG_ENABLE_OBJC_ARC = YES;
				CLANG_ENABLE_OBJC_WEAK = YES;
				CLANG_WARN_BLOCK_CAPTURE_AUTORELEASING = YES;
				CLANG_WARN_BOOL_CONVERSION = YES;
				CLANG_WARN_COMMA = YES;
				CLANG_WARN_CONSTANT_CONVERSION = YES;
				CLANG_WARN_DEPRECATED_OBJC_IMPLEMENTATIONS = YES;
				CLANG_WARN_DIRECT_OBJC_ISA_USAGE = YES_ERROR;
				CLANG_WARN_DOCUMENTATION_COMMENTS = YES;
				CLANG_WARN_EMPTY_BODY = YES;
				CLANG_WARN_ENUM_CONVERSION = YES;
				CLANG_WARN_INFINITE_RECURSION = YES;
				CLANG_WARN_INT_CONVERSION = YES;
				CLANG_WARN_NON_LITERAL_NULL_CONVERSION = YES;
				CLANG_WARN_OBJC_IMPLICIT_RETAIN_SELF = YES;
				CLANG_WARN_OBJC_LITERAL_CONVERSION = YES;
				CLANG_WARN_OBJC_ROOT_CLASS = YES_ERROR;
				CLANG_WARN_RANGE_LOOP_ANALYSIS = YES;
				CLANG_WARN_STRICT_PROTOTYPES = YES;
				CLANG_WARN_SUSPICIOUS_MOVE = YES;
				CLANG_WARN_UNGUARDED_AVAILABILITY = YES_AGGRESSIVE;
				CLANG_WARN_UNREACHABLE_CODE = YES;
				CLANG_WARN__DUPLICATE_METHOD_MATCH = YES;
				CODE_SIGN_IDENTITY = "iPhone Developer";
				COPY_PHASE_STRIP = NO;
				DEBUG_INFORMATION_FORMAT = "dwarf-with-dsym";
				ENABLE_NS_ASSERTIONS = NO;
				ENABLE_STRICT_OBJC_MSGSEND = YES;
				GCC_C_LANGUAGE_STANDARD = gnu11;
				GCC_NO_COMMON_BLOCKS = YES;
				GCC_WARN_64_TO_32_BIT_CONVERSION = YES;
				GCC_WARN_ABOUT_RETURN_TYPE = YES_ERROR;
				GCC_WARN_UNDECLARED_SELECTOR = YES;
				GCC_WARN_UNINITIALIZED_AUTOS = YES_AGGRESSIVE;
				GCC_WARN_UNUSED_FUNCTION = YES;
				GCC_WARN_UNUSED_VARIABLE = YES;
				IPHONEOS_DEPLOYMENT_TARGET = 12.1;
				MTL_ENABLE_DEBUG_INFO = NO;
				MTL_FAST_MATH = YES;
				SDKROOT = iphoneos;
				SWIFT_COMPILATION_MODE = wholemodule;
				SWIFT_OPTIMIZATION_LEVEL = "-O";
				VALIDATE_PRODUCT = YES;
			};
			name = Release;
		};
		6561EEE322A6CB0B003C9674 /* Debug */ = {
			isa = XCBuildConfiguration;
			buildSettings = {
				ASSETCATALOG_COMPILER_APPICON_NAME = AppIcon;
				CODE_SIGN_STYLE = Automatic;
				INFOPLIST_FILE = ejercicio3deint/Info.plist;
				LD_RUNPATH_SEARCH_PATHS = (
					"$(inherited)",
					"@executable_path/Frameworks",
				);
				PRODUCT_BUNDLE_IDENTIFIER = org.byfalcon.ejercicio3deint;
				PRODUCT_NAME = "$(TARGET_NAME)";
				SWIFT_VERSION = 4.2;
				TARGETED_DEVICE_FAMILY = "1,2";
			};
			name = Debug;
		};
		6561EEE422A6CB0B003C9674 /* Release */ = {
			isa = XCBuildConfiguration;
			buildSettings = {
				ASSETCATALOG_COMPILER_APPICON_NAME = AppIcon;
				CODE_SIGN_STYLE = Automatic;
				INFOPLIST_FILE = ejercicio3deint/Info.plist;
				LD_RUNPATH_SEARCH_PATHS = (
					"$(inherited)",
					"@executable_path/Frameworks",
				);
				PRODUCT_BUNDLE_IDENTIFIER = org.byfalcon.ejercicio3deint;
				PRODUCT_NAME = "$(TARGET_NAME)";
				SWIFT_VERSION = 4.2;
				TARGETED_DEVICE_FAMILY = "1,2";
			};
			name = Release;
		};
		6561EEE622A6CB0B003C9674 /* Debug */ = {
			isa = XCBuildConfiguration;
			buildSettings = {
				ALWAYS_EMBED_SWIFT_STANDARD_LIBRARIES = YES;
				BUNDLE_LOADER = "$(TEST_HOST)";
				CODE_SIGN_STYLE = Automatic;
				INFOPLIST_FILE = ejercicio3deintTests/Info.plist;
				LD_RUNPATH_SEARCH_PATHS = (
					"$(inherited)",
					"@executable_path/Frameworks",
					"@loader_path/Frameworks",
				);
				PRODUCT_BUNDLE_IDENTIFIER = org.byfalcon.ejercicio3deintTests;
				PRODUCT_NAME = "$(TARGET_NAME)";
				SWIFT_VERSION = 4.2;
				TARGETED_DEVICE_FAMILY = "1,2";
				TEST_HOST = "$(BUILT_PRODUCTS_DIR)/ejercicio3deint.app/ejercicio3deint";
			};
			name = Debug;
		};
		6561EEE722A6CB0B003C9674 /* Release */ = {
			isa = XCBuildConfiguration;
			buildSettings = {
				ALWAYS_EMBED_SWIFT_STANDARD_LIBRARIES = YES;
				BUNDLE_LOADER = "$(TEST_HOST)";
				CODE_SIGN_STYLE = Automatic;
				INFOPLIST_FILE = ejercicio3deintTests/Info.plist;
				LD_RUNPATH_SEARCH_PATHS = (
					"$(inherited)",
					"@executable_path/Frameworks",
					"@loader_path/Frameworks",
				);
				PRODUCT_BUNDLE_IDENTIFIER = org.byfalcon.ejercicio3deintTests;
				PRODUCT_NAME = "$(TARGET_NAME)";
				SWIFT_VERSION = 4.2;
				TARGETED_DEVICE_FAMILY = "1,2";
				TEST_HOST = "$(BUILT_PRODUCTS_DIR)/ejercicio3deint.app/ejercicio3deint";
			};
			name = Release;
		};
		6561EEE922A6CB0B003C9674 /* Debug */ = {
			isa = XCBuildConfiguration;
			buildSettings = {
				ALWAYS_EMBED_SWIFT_STANDARD_LIBRARIES = YES;
				CODE_SIGN_STYLE = Automatic;
				INFOPLIST_FILE = ejercicio3deintUITests/Info.plist;
				LD_RUNPATH_SEARCH_PATHS = (
					"$(inherited)",
					"@executable_path/Frameworks",
					"@loader_path/Frameworks",
				);
				PRODUCT_BUNDLE_IDENTIFIER = org.byfalcon.ejercicio3deintUITests;
				PRODUCT_NAME = "$(TARGET_NAME)";
				SWIFT_VERSION = 4.2;
				TARGETED_DEVICE_FAMILY = "1,2";
				TEST_TARGET_NAME = ejercicio3deint;
			};
			name = Debug;
		};
		6561EEEA22A6CB0B003C9674 /* Release */ = {
			isa = XCBuildConfiguration;
			buildSettings = {
				ALWAYS_EMBED_SWIFT_STANDARD_LIBRARIES = YES;
				CODE_SIGN_STYLE = Automatic;
				INFOPLIST_FILE = ejercicio3deintUITests/Info.plist;
				LD_RUNPATH_SEARCH_PATHS = (
					"$(inherited)",
					"@executable_path/Frameworks",
					"@loader_path/Frameworks",
				);
				PRODUCT_BUNDLE_IDENTIFIER = org.byfalcon.ejercicio3deintUITests;
				PRODUCT_NAME = "$(TARGET_NAME)";
				SWIFT_VERSION = 4.2;
				TARGETED_DEVICE_FAMILY = "1,2";
				TEST_TARGET_NAME = ejercicio3deint;
			};
			name = Release;
		};
/* End XCBuildConfiguration section */

/* Begin XCConfigurationList section */
		6561EEB522A6CB04003C9674 /* Build configuration list for PBXProject "ejercicio3deint" */ = {
			isa = XCConfigurationList;
			buildConfigurations = (
				6561EEE022A6CB0B003C9674 /* Debug */,
				6561EEE122A6CB0B003C9674 /* Release */,
			);
			defaultConfigurationIsVisible = 0;
			defaultConfigurationName = Release;
		};
		6561EEE222A6CB0B003C9674 /* Build configuration list for PBXNativeTarget "ejercicio3deint" */ = {
			isa = XCConfigurationList;
			buildConfigurations = (
				6561EEE322A6CB0B003C9674 /* Debug */,
				6561EEE422A6CB0B003C9674 /* Release */,
			);
			defaultConfigurationIsVisible = 0;
			defaultConfigurationName = Release;
		};
		6561EEE522A6CB0B003C9674 /* Build configuration list for PBXNativeTarget "ejercicio3deintTests" */ = {
			isa = XCConfigurationList;
			buildConfigurations = (
				6561EEE622A6CB0B003C9674 /* Debug */,
				6561EEE722A6CB0B003C9674 /* Release */,
			);
			defaultConfigurationIsVisible = 0;
			defaultConfigurationName = Release;
		};
		6561EEE822A6CB0B003C9674 /* Build configuration list for PBXNativeTarget "ejercicio3deintUITests" */ = {
			isa = XCConfigurationList;
			buildConfigurations = (
				6561EEE922A6CB0B003C9674 /* Debug */,
				6561EEEA22A6CB0B003C9674 /* Release */,
			);
			defaultConfigurationIsVisible = 0;
			defaultConfigurationName = Release;
		};
/* End XCConfigurationList section */
	};
	rootObject = 6561EEB222A6CB04003C9674 /* Project object */;
}
